
Microsoft Visual Studio Solution File, Format Version 12.00
# Visual Studio Version 16
VisualStudioVersion = 16.0.29613.14
MinimumVisualStudioVersion = 10.0.40219.1
Project("{FAE04EC0-301F-11D3-BF4B-00C04F79EFBC}") = "FractalNet", "FractalNet\FractalNet.csproj", "{6699CCDA-9BEC-4C97-B7F3-5526C3562B8D}"
EndProject
Global
	GlobalSection(SolutionConfigurationPlatforms) = preSolution
		Debug|Any CPU = Debug|Any CPU
		Release|Any CPU = Release|Any CPU
	EndGlobalSection
	GlobalSection(ProjectConfigurationPlatforms) = postSolution
		{6699CCDA-9BEC-4C97-B7F3-5526C3562B8D}.Debug|Any CPU.ActiveCfg = Debug|Any CPU
		{6699CCDA-9BEC-4C97-B7F3-5526C3562B8D}.Debug|Any CPU.Build.0 = Debug|Any CPU
		{6699CCDA-9BEC-4C97-B7F3-5526C3562B8D}.Release|Any CPU.ActiveCfg = Release|Any CPU
		{6699CCDA-9BEC-4C97-B7F3-5526C3562B8D}.Release|Any CPU.Build.0 = Release|Any CPU
	EndGlobalSection
	GlobalSection(SolutionProperties) = preSolution
		HideSolutionNode = FALSE
	EndGlobalSection
	GlobalSection(ExtensibilityGlobals) = postSolution
		SolutionGuid = {CAAB85FF-0E15-47F1-B775-2A5DCECE337B}
	EndGlobalSection
EndGlobal
